
Microsoft Visual Studio Solution File, Format Version 12.00
# Visual Studio Version 17
VisualStudioVersion = 17.7.34031.279
MinimumVisualStudioVersion = 10.0.40219.1
Project("{FAE04EC0-301F-11D3-BF4B-00C04F79EFBC}") = "CalculadoraTeste", "..\CalculadoraTeste\CalculadoraTeste.csproj", "{12E6C4BE-AEB0-4B77-8142-F74CDC717F78}"
EndProject
Project("{FAE04EC0-301F-11D3-BF4B-00C04F79EFBC}") = "Calculadora", "Calculadora\Calculadora.csproj", "{0C4B312D-32ED-413A-80E5-9651068333FC}"
EndProject
Global
	GlobalSection(SolutionConfigurationPlatforms) = preSolution
		Debug|Any CPU = Debug|Any CPU
		Release|Any CPU = Release|Any CPU
	EndGlobalSection
	GlobalSection(ProjectConfigurationPlatforms) = postSolution
		{12E6C4BE-AEB0-4B77-8142-F74CDC717F78}.Debug|Any CPU.ActiveCfg = Debug|Any CPU
		{12E6C4BE-AEB0-4B77-8142-F74CDC717F78}.Debug|Any CPU.Build.0 = Debug|Any CPU
		{12E6C4BE-AEB0-4B77-8142-F74CDC717F78}.Release|Any CPU.ActiveCfg = Release|Any CPU
		{12E6C4BE-AEB0-4B77-8142-F74CDC717F78}.Release|Any CPU.Build.0 = Release|Any CPU
		{0C4B312D-32ED-413A-80E5-9651068333FC}.Debug|Any CPU.ActiveCfg = Debug|Any CPU
		{0C4B312D-32ED-413A-80E5-9651068333FC}.Debug|Any CPU.Build.0 = Debug|Any CPU
		{0C4B312D-32ED-413A-80E5-9651068333FC}.Release|Any CPU.ActiveCfg = Release|Any CPU
		{0C4B312D-32ED-413A-80E5-9651068333FC}.Release|Any CPU.Build.0 = Release|Any CPU
	EndGlobalSection
	GlobalSection(SolutionProperties) = preSolution
		HideSolutionNode = FALSE
	EndGlobalSection
	GlobalSection(ExtensibilityGlobals) = postSolution
		SolutionGuid = {954B03A4-FE83-44BA-9289-4760455DB0B7}
	EndGlobalSection
EndGlobal
